// !$*UTF8*$!
{
	archiveVersion = 1;
	classes = {
	};
	objectVersion = 46;
	objects = {

/* Begin PBXBuildFile section */
		7B0A7FB21EAE428500FE3209 /* main.m in Sources */ = {isa = PBXBuildFile; fileRef = 7B0A7FB11EAE428500FE3209 /* main.m */; };
		7B0A7FB51EAE428500FE3209 /* AppDelegate.m in Sources */ = {isa = PBXBuildFile; fileRef = 7B0A7FB41EAE428500FE3209 /* AppDelegate.m */; };
		7B0A7FB81EAE428500FE3209 /* ViewController.m in Sources */ = {isa = PBXBuildFile; fileRef = 7B0A7FB71EAE428500FE3209 /* ViewController.m */; };
		7B0A7FBB1EAE428500FE3209 /* Main.storyboard in Resources */ = {isa = PBXBuildFile; fileRef = 7B0A7FB91EAE428500FE3209 /* Main.storyboard */; };
		7B0A7FBD1EAE428500FE3209 /* Assets.xcassets in Resources */ = {isa = PBXBuildFile; fileRef = 7B0A7FBC1EAE428500FE3209 /* Assets.xcassets */; };
		7B0A7FC01EAE428500FE3209 /* LaunchScreen.storyboard in Resources */ = {isa = PBXBuildFile; fileRef = 7B0A7FBE1EAE428500FE3209 /* LaunchScreen.storyboard */; };
		7B0A7FCA1EAE42AB00FE3209 /* Person.m in Sources */ = {isa = PBXBuildFile; fileRef = 7B0A7FC91EAE42AB00FE3209 /* Person.m */; };
/* End PBXBuildFile section */

/* Begin PBXFileReference section */
		7B0A7FAD1EAE428500FE3209 /* cocoapodsDemo.app */ = {isa = PBXFileReference; explicitFileType = wrapper.application; includeInIndex = 0; path = cocoapodsDemo.app; sourceTree = BUILT_PRODUCTS_DIR; };
		7B0A7FB11EAE428500FE3209 /* main.m */ = {isa = PBXFileReference; lastKnownFileType = sourcecode.c.objc; path = main.m; sourceTree = "<group>"; };
		7B0A7FB31EAE428500FE3209 /* AppDelegate.h */ = {isa = PBXFileReference; lastKnownFileType = sourcecode.c.h; path = AppDelegate.h; sourceTree = "<group>"; };
		7B0A7FB41EAE428500FE3209 /* AppDelegate.m */ = {isa = PBXFileReference; lastKnownFileType = sourcecode.c.objc; path = AppDelegate.m; sourceTree = "<group>"; };
		7B0A7FB61EAE428500FE3209 /* ViewController.h */ = {isa = PBXFileReference; lastKnownFileType = sourcecode.c.h; path = ViewController.h; sourceTree = "<group>"; };
		7B0A7FB71EAE428500FE3209 /* ViewController.m */ = {isa = PBXFileReference; lastKnownFileType = sourcecode.c.objc; path = ViewController.m; sourceTree = "<group>"; };
		7B0A7FBA1EAE428500FE3209 /* Base */ = {isa = PBXFileReference; lastKnownFileType = file.storyboard; name = Base; path = Base.lproj/Main.storyboard; sourceTree = "<group>"; };
		7B0A7FBC1EAE428500FE3209 /* Assets.xcassets */ = {isa = PBXFileReference; lastKnownFileType = folder.assetcatalog; path = Assets.xcassets; sourceTree = "<group>"; };
		7B0A7FBF1EAE428500FE3209 /* Base */ = {isa = PBXFileReference; lastKnownFileType = file.storyboard; name = Base; path = Base.lproj/LaunchScreen.storyboard; sourceTree = "<group>"; };
		7B0A7FC11EAE428500FE3209 /* Info.plist */ = {isa = PBXFileReference; lastKnownFileType = text.plist.xml; path = Info.plist; sourceTree = "<group>"; };
		7B0A7FC81EAE42AB00FE3209 /* Person.h */ = {isa = PBXFileReference; fileEncoding = 4; lastKnownFileType = sourcecode.c.h; path = Person.h; sourceTree = "<group>"; };
		7B0A7FC91EAE42AB00FE3209 /* Person.m */ = {isa = PBXFileReference; fileEncoding = 4; lastKnownFileType = sourcecode.c.objc; path = Person.m; sourceTree = "<group>"; };
/* End PBXFileReference section */

/* Begin PBXFrameworksBuildPhase section */
		7B0A7FAA1EAE428500FE3209 /* Frameworks */ = {
			isa = PBXFrameworksBuildPhase;
			buildActionMask = 2147483647;
			files = (
			);
			runOnlyForDeploymentPostprocessing = 0;
		};
/* End PBXFrameworksBuildPhase section */

/* Begin PBXGroup section */
		7B0A7FA41EAE428500FE3209 = {
			isa = PBXGroup;
			children = (
				7B0A7FAF1EAE428500FE3209 /* cocoapodsDemo */,
				7B0A7FAE1EAE428500FE3209 /* Products */,
			);
			sourceTree = "<group>";
		};
		7B0A7FAE1EAE428500FE3209 /* Products */ = {
			isa = PBXGroup;
			children = (
				7B0A7FAD1EAE428500FE3209 /* cocoapodsDemo.app */,
			);
			name = Products;
			sourceTree = "<group>";
		};
		7B0A7FAF1EAE428500FE3209 /* cocoapodsDemo */ = {
			isa = PBXGroup;
			children = (
				7B0A7FC71EAE42A400FE3209 /* class */,
				7B0A7FB31EAE428500FE3209 /* AppDelegate.h */,
				7B0A7FB41EAE428500FE3209 /* AppDelegate.m */,
				7B0A7FB61EAE428500FE3209 /* ViewController.h */,
				7B0A7FB71EAE428500FE3209 /* ViewController.m */,
				7B0A7FB91EAE428500FE3209 /* Main.storyboard */,
				7B0A7FBC1EAE428500FE3209 /* Assets.xcassets */,
				7B0A7FBE1EAE428500FE3209 /* LaunchScreen.storyboard */,
				7B0A7FC11EAE428500FE3209 /* Info.plist */,
				7B0A7FB01EAE428500FE3209 /* Supporting Files */,
			);
			path = cocoapodsDemo;
			sourceTree = "<group>";
		};
		7B0A7FB01EAE428500FE3209 /* Supporting Files */ = {
			isa = PBXGroup;
			children = (
				7B0A7FB11EAE428500FE3209 /* main.m */,
			);
			name = "Supporting Files";
			sourceTree = "<group>";
		};
		7B0A7FC71EAE42A400FE3209 /* class */ = {
			isa = PBXGroup;
			children = (
				7B0A7FC81EAE42AB00FE3209 /* Person.h */,
				7B0A7FC91EAE42AB00FE3209 /* Person.m */,
			);
			path = class;
			sourceTree = "<group>";
		};
/* End PBXGroup section */

/* Begin PBXNativeTarget section */
		7B0A7FAC1EAE428500FE3209 /* cocoapodsDemo */ = {
			isa = PBXNativeTarget;
			buildConfigurationList = 7B0A7FC41EAE428500FE3209 /* Build configuration list for PBXNativeTarget "cocoapodsDemo" */;
			buildPhases = (
				7B0A7FA91EAE428500FE3209 /* Sources */,
				7B0A7FAA1EAE428500FE3209 /* Frameworks */,
				7B0A7FAB1EAE428500FE3209 /* Resources */,
			);
			buildRules = (
			);
			dependencies = (
			);
			name = cocoapodsDemo;
			productName = cocoapodsDemo;
			productReference = 7B0A7FAD1EAE428500FE3209 /* cocoapodsDemo.app */;
			productType = "com.apple.product-type.application";
		};
/* End PBXNativeTarget section */

/* Begin PBXProject section */
		7B0A7FA51EAE428500FE3209 /* Project object */ = {
			isa = PBXProject;
			attributes = {
				LastUpgradeCheck = 0820;
				ORGANIZATIONNAME = "Johann Wang";
				TargetAttributes = {
					7B0A7FAC1EAE428500FE3209 = {
						CreatedOnToolsVersion = 8.2.1;
						ProvisioningStyle = Automatic;
					};
				};
			};
			buildConfigurationList = 7B0A7FA81EAE428500FE3209 /* Build configuration list for PBXProject "cocoapodsDemo" */;
			compatibilityVersion = "Xcode 3.2";
			developmentRegion = English;
			hasScannedForEncodings = 0;
			knownRegions = (
				en,
				Base,
			);
			mainGroup = 7B0A7FA41EAE428500FE3209;
			productRefGroup = 7B0A7FAE1EAE428500FE3209 /* Products */;
			projectDirPath = "";
			projectRoot = "";
			targets = (
				7B0A7FAC1EAE428500FE3209 /* cocoapodsDemo */,
			);
		};
/* End PBXProject section */

/* Begin PBXResourcesBuildPhase section */
		7B0A7FAB1EAE428500FE3209 /* Resources */ = {
			isa = PBXResourcesBuildPhase;
			buildActionMask = 2147483647;
			files = (
				7B0A7FC01EAE428500FE3209 /* LaunchScreen.storyboard in Resources */,
				7B0A7FBD1EAE428500FE3209 /* Assets.xcassets in Resources */,
				7B0A7FBB1EAE428500FE3209 /* Main.storyboard in Resources */,
			);
			runOnlyForDeploymentPostprocessing = 0;
		};
/* End PBXResourcesBuildPhase section */

/* Begin PBXSourcesBuildPhase section */
		7B0A7FA91EAE428500FE3209 /* Sources */ = {
			isa = PBXSourcesBuildPhase;
			buildActionMask = 2147483647;
			files = (
				7B0A7FB81EAE428500FE3209 /* ViewController.m in Sources */,
				7B0A7FB51EAE428500FE3209 /* AppDelegate.m in Sources */,
				7B0A7FCA1EAE42AB00FE3209 /* Person.m in Sources */,
				7B0A7FB21EAE428500FE3209 /* main.m in Sources */,
			);
			runOnlyForDeploymentPostprocessing = 0;
		};
/* End PBXSourcesBuildPhase section */

/* Begin PBXVariantGroup section */
		7B0A7FB91EAE428500FE3209 /* Main.storyboard */ = {
			isa = PBXVariantGroup;
			children = (
				7B0A7FBA1EAE428500FE3209 /* Base */,
			);
			name = Main.storyboard;
			sourceTree = "<group>";
		};
		7B0A7FBE1EAE428500FE3209 /* LaunchScreen.storyboard */ = {
			isa = PBXVariantGroup;
			children = (
				7B0A7FBF1EAE428500FE3209 /* Base */,
			);
			name = LaunchScreen.storyboard;
			sourceTree = "<group>";
		};
/* End PBXVariantGroup section */

/* Begin XCBuildConfiguration section */
		7B0A7FC21EAE428500FE3209 /* Debug */ = {
			isa = XCBuildConfiguration;
			buildSettings = {
				ALWAYS_SEARCH_USER_PATHS = NO;
				CLANG_ANALYZER_NONNULL = YES;
				CLANG_CXX_LANGUAGE_STANDARD = "gnu++0x";
				CLANG_CXX_LIBRARY = "libc++";
				CLANG_ENABLE_MODULES = YES;
				CLANG_ENABLE_OBJC_ARC = YES;
				CLANG_WARN_BOOL_CONVERSION = YES;
				CLANG_WARN_CONSTANT_CONVERSION = YES;
				CLANG_WARN_DIRECT_OBJC_ISA_USAGE = YES_ERROR;
				CLANG_WARN_DOCUMENTATION_COMMENTS = YES;
				CLANG_WARN_EMPTY_BODY = YES;
				CLANG_WARN_ENUM_CONVERSION = YES;
				CLANG_WARN_INFINITE_RECURSION = YES;
				CLANG_WARN_INT_CONVERSION = YES;
				CLANG_WARN_OBJC_ROOT_CLASS = YES_ERROR;
				CLANG_WARN_SUSPICIOUS_MOVE = YES;
				CLANG_WARN_UNREACHABLE_CODE = YES;
				CLANG_WARN__DUPLICATE_METHOD_MATCH = YES;
				"CODE_SIGN_IDENTITY[sdk=iphoneos*]" = "iPhone Developer";
				COPY_PHASE_STRIP = NO;
				DEBUG_INFORMATION_FORMAT = dwarf;
				ENABLE_STRICT_OBJC_MSGSEND = YES;
				ENABLE_TESTABILITY = YES;
				GCC_C_LANGUAGE_STANDARD = gnu99;
				GCC_DYNAMIC_NO_PIC = NO;
				GCC_NO_COMMON_BLOCKS = YES;
				GCC_OPTIMIZATION_LEVEL = 0;
				GCC_PREPROCESSOR_DEFINITIONS = (
					"DEBUG=1",
					"$(inherited)",
				);
				GCC_WARN_64_TO_32_BIT_CONVERSION = YES;
				GCC_WARN_ABOUT_RETURN_TYPE = YES_ERROR;
				GCC_WARN_UNDECLARED_SELECTOR = YES;
				GCC_WARN_UNINITIALIZED_AUTOS = YES_AGGRESSIVE;
				GCC_WARN_UNUSED_FUNCTION = YES;
				GCC_WARN_UNUSED_VARIABLE = YES;
				IPHONEOS_DEPLOYMENT_TARGET = 10.2;
				MTL_ENABLE_DEBUG_INFO = YES;
				ONLY_ACTIVE_ARCH = YES;
				SDKROOT = iphoneos;
			};
			name = Debug;
		};
		7B0A7FC31EAE428500FE3209 /* Release */ = {
			isa = XCBuildConfiguration;
			buildSettings = {
				ALWAYS_SEARCH_USER_PATHS = NO;
				CLANG_ANALYZER_NONNULL = YES;
				CLANG_CXX_LANGUAGE_STANDARD = "gnu++0x";
				CLANG_CXX_LIBRARY = "libc++";
				CLANG_ENABLE_MODULES = YES;
				CLANG_ENABLE_OBJC_ARC = YES;
				CLANG_WARN_BOOL_CONVERSION = YES;
				CLANG_WARN_CONSTANT_CONVERSION = YES;
				CLANG_WARN_DIRECT_OBJC_ISA_USAGE = YES_ERROR;
				CLANG_WARN_DOCUMENTATION_COMMENTS = YES;
				CLANG_WARN_EMPTY_BODY = YES;
				CLANG_WARN_ENUM_CONVERSION = YES;
				CLANG_WARN_INFINITE_RECURSION = YES;
				CLANG_WARN_INT_CONVERSION = YES;
				CLANG_WARN_OBJC_ROOT_CLASS = YES_ERROR;
				CLANG_WARN_SUSPICIOUS_MOVE = YES;
				CLANG_WARN_UNREACHABLE_CODE = YES;
				CLANG_WARN__DUPLICATE_METHOD_MATCH = YES;
				"CODE_SIGN_IDENTITY[sdk=iphoneos*]" = "iPhone Developer";
				COPY_PHASE_STRIP = NO;
				DEBUG_INFORMATION_FORMAT = "dwarf-with-dsym";
				ENABLE_NS_ASSERTIONS = NO;
				ENABLE_STRICT_OBJC_MSGSEND = YES;
				GCC_C_LANGUAGE_STANDARD = gnu99;
				GCC_NO_COMMON_BLOCKS = YES;
				GCC_WARN_64_TO_32_BIT_CONVERSION = YES;
				GCC_WARN_ABOUT_RETURN_TYPE = YES_ERROR;
				GCC_WARN_UNDECLARED_SELECTOR = YES;
				GCC_WARN_UNINITIALIZED_AUTOS = YES_AGGRESSIVE;
				GCC_WARN_UNUSED_FUNCTION = YES;
				GCC_WARN_UNUSED_VARIABLE = YES;
				IPHONEOS_DEPLOYMENT_TARGET = 10.2;
				MTL_ENABLE_DEBUG_INFO = NO;
				SDKROOT = iphoneos;
				VALIDATE_PRODUCT = YES;
			};
			name = Release;
		};
		7B0A7FC51EAE428500FE3209 /* Debug */ = {
			isa = XCBuildConfiguration;
			buildSettings = {
				ASSETCATALOG_COMPILER_APPICON_NAME = AppIcon;
				INFOPLIST_FILE = cocoapodsDemo/Info.plist;
				LD_RUNPATH_SEARCH_PATHS = "$(inherited) @executable_path/Frameworks";
				PRODUCT_BUNDLE_IDENTIFIER = com.houtech.cocoapodsDemo;
				PRODUCT_NAME = "$(TARGET_NAME)";
			};
			name = Debug;
		};
		7B0A7FC61EAE428500FE3209 /* Release */ = {
			isa = XCBuildConfiguration;
			buildSettings = {
				ASSETCATALOG_COMPILER_APPICON_NAME = AppIcon;
				INFOPLIST_FILE = cocoapodsDemo/Info.plist;
				LD_RUNPATH_SEARCH_PATHS = "$(inherited) @executable_path/Frameworks";
				PRODUCT_BUNDLE_IDENTIFIER = com.houtech.cocoapodsDemo;
				PRODUCT_NAME = "$(TARGET_NAME)";
			};
			name = Release;
		};
/* End XCBuildConfiguration section */

/* Begin XCConfigurationList section */
		7B0A7FA81EAE428500FE3209 /* Build configuration list for PBXProject "cocoapodsDemo" */ = {
			isa = XCConfigurationList;
			buildConfigurations = (
				7B0A7FC21EAE428500FE3209 /* Debug */,
				7B0A7FC31EAE428500FE3209 /* Release */,
			);
			defaultConfigurationIsVisible = 0;
			defaultConfigurationName = Release;
		};
		7B0A7FC41EAE428500FE3209 /* Build configuration list for PBXNativeTarget "cocoapodsDemo" */ = {
			isa = XCConfigurationList;
			buildConfigurations = (
				7B0A7FC51EAE428500FE3209 /* Debug */,
				7B0A7FC61EAE428500FE3209 /* Release */,
			);
			defaultConfigurationIsVisible = 0;
		};
/* End XCConfigurationList section */
	};
	rootObject = 7B0A7FA51EAE428500FE3209 /* Project object */;
}
